
Microsoft Visual Studio Solution File, Format Version 12.00
# Visual Studio Version 17
VisualStudioVersion = 17.6.33815.320
MinimumVisualStudioVersion = 10.0.40219.1
Project("{FAE04EC0-301F-11D3-BF4B-00C04F79EFBC}") = "ApiCatalogo", "ApiCatalogo\ApiCatalogo.csproj", "{011E65EA-68E0-47C0-9A94-0186267AACB9}"
EndProject
Global
	GlobalSection(SolutionConfigurationPlatforms) = preSolution
		Debug|Any CPU = Debug|Any CPU
		Release|Any CPU = Release|Any CPU
	EndGlobalSection
	GlobalSection(ProjectConfigurationPlatforms) = postSolution
		{011E65EA-68E0-47C0-9A94-0186267AACB9}.Debug|Any CPU.ActiveCfg = Debug|Any CPU
		{011E65EA-68E0-47C0-9A94-0186267AACB9}.Debug|Any CPU.Build.0 = Debug|Any CPU
		{011E65EA-68E0-47C0-9A94-0186267AACB9}.Release|Any CPU.ActiveCfg = Release|Any CPU
		{011E65EA-68E0-47C0-9A94-0186267AACB9}.Release|Any CPU.Build.0 = Release|Any CPU
	EndGlobalSection
	GlobalSection(SolutionProperties) = preSolution
		HideSolutionNode = FALSE
	EndGlobalSection
	GlobalSection(ExtensibilityGlobals) = postSolution
		SolutionGuid = {2540A288-562C-422D-A94F-E30C6D9BF512}
	EndGlobalSection
EndGlobal
